
Microsoft Visual Studio Solution File, Format Version 12.00
# Visual Studio Version 16
VisualStudioVersion = 16.0.29613.14
MinimumVisualStudioVersion = 10.0.40219.1
Project("{FAE04EC0-301F-11D3-BF4B-00C04F79EFBC}") = "CoronaClient", "CoronaClient\CoronaClient.csproj", "{BBE07053-C852-49E7-ADF0-EBD45C561814}"
EndProject
Global
	GlobalSection(SolutionConfigurationPlatforms) = preSolution
		Debug|Any CPU = Debug|Any CPU
		Release|Any CPU = Release|Any CPU
	EndGlobalSection
	GlobalSection(ProjectConfigurationPlatforms) = postSolution
		{BBE07053-C852-49E7-ADF0-EBD45C561814}.Debug|Any CPU.ActiveCfg = Debug|Any CPU
		{BBE07053-C852-49E7-ADF0-EBD45C561814}.Debug|Any CPU.Build.0 = Debug|Any CPU
		{BBE07053-C852-49E7-ADF0-EBD45C561814}.Release|Any CPU.ActiveCfg = Release|Any CPU
		{BBE07053-C852-49E7-ADF0-EBD45C561814}.Release|Any CPU.Build.0 = Release|Any CPU
	EndGlobalSection
	GlobalSection(SolutionProperties) = preSolution
		HideSolutionNode = FALSE
	EndGlobalSection
	GlobalSection(ExtensibilityGlobals) = postSolution
		SolutionGuid = {00E3E087-2020-4DFF-8C40-FAD2E7995DB8}
	EndGlobalSection
EndGlobal
